
Microsoft Visual Studio Solution File, Format Version 12.00
# Visual Studio 15
VisualStudioVersion = 15.0.28307.1209
MinimumVisualStudioVersion = 10.0.40219.1
Project("{9A19103F-16F7-4668-BE54-9A1E7A4F7556}") = "EmployeeCurdOperation", "EmployeeCurdOperation\EmployeeCurdOperation.csproj", "{7A8A545C-A50D-4E10-8901-5B572688F928}"
EndProject
Project("{9A19103F-16F7-4668-BE54-9A1E7A4F7556}") = "Model", "Model\Model.csproj", "{6CBA3130-A0F1-45E2-8A63-A3B21B871412}"
EndProject
Project("{9A19103F-16F7-4668-BE54-9A1E7A4F7556}") = "EmployeeBusinessLayer", "EmployeeBusinessLayer\EmployeeBusinessLayer.csproj", "{F52B6485-23BC-4437-9147-4D735D856110}"
EndProject
Project("{FAE04EC0-301F-11D3-BF4B-00C04F79EFBC}") = "RepositoryLayer", "RepositoryLayer\RepositoryLayer.csproj", "{F232C727-ACDD-466E-AB8D-4D9C0EBA0793}"
EndProject
Global
	GlobalSection(SolutionConfigurationPlatforms) = preSolution
		Debug|Any CPU = Debug|Any CPU
		Release|Any CPU = Release|Any CPU
	EndGlobalSection
	GlobalSection(ProjectConfigurationPlatforms) = postSolution
		{7A8A545C-A50D-4E10-8901-5B572688F928}.Debug|Any CPU.ActiveCfg = Debug|Any CPU
		{7A8A545C-A50D-4E10-8901-5B572688F928}.Debug|Any CPU.Build.0 = Debug|Any CPU
		{7A8A545C-A50D-4E10-8901-5B572688F928}.Release|Any CPU.ActiveCfg = Release|Any CPU
		{7A8A545C-A50D-4E10-8901-5B572688F928}.Release|Any CPU.Build.0 = Release|Any CPU
		{6CBA3130-A0F1-45E2-8A63-A3B21B871412}.Debug|Any CPU.ActiveCfg = Debug|Any CPU
		{6CBA3130-A0F1-45E2-8A63-A3B21B871412}.Debug|Any CPU.Build.0 = Debug|Any CPU
		{6CBA3130-A0F1-45E2-8A63-A3B21B871412}.Release|Any CPU.ActiveCfg = Release|Any CPU
		{6CBA3130-A0F1-45E2-8A63-A3B21B871412}.Release|Any CPU.Build.0 = Release|Any CPU
		{F52B6485-23BC-4437-9147-4D735D856110}.Debug|Any CPU.ActiveCfg = Debug|Any CPU
		{F52B6485-23BC-4437-9147-4D735D856110}.Debug|Any CPU.Build.0 = Debug|Any CPU
		{F52B6485-23BC-4437-9147-4D735D856110}.Release|Any CPU.ActiveCfg = Release|Any CPU
		{F52B6485-23BC-4437-9147-4D735D856110}.Release|Any CPU.Build.0 = Release|Any CPU
		{F232C727-ACDD-466E-AB8D-4D9C0EBA0793}.Debug|Any CPU.ActiveCfg = Debug|Any CPU
		{F232C727-ACDD-466E-AB8D-4D9C0EBA0793}.Debug|Any CPU.Build.0 = Debug|Any CPU
		{F232C727-ACDD-466E-AB8D-4D9C0EBA0793}.Release|Any CPU.ActiveCfg = Release|Any CPU
		{F232C727-ACDD-466E-AB8D-4D9C0EBA0793}.Release|Any CPU.Build.0 = Release|Any CPU
	EndGlobalSection
	GlobalSection(SolutionProperties) = preSolution
		HideSolutionNode = FALSE
	EndGlobalSection
	GlobalSection(ExtensibilityGlobals) = postSolution
		SolutionGuid = {1F578513-C6B5-4D40-810F-A3C28CDCC5DE}
	EndGlobalSection
EndGlobal
